
Microsoft Visual Studio Solution File, Format Version 12.00
# Visual Studio Version 16
VisualStudioVersion = 16.0.29806.167
MinimumVisualStudioVersion = 10.0.40219.1
Project("{FAE04EC0-301F-11D3-BF4B-00C04F79EFBC}") = "MiniBankaOtomasyonu", "MiniBankaOtomasyonu\MiniBankaOtomasyonu.csproj", "{3A5A638C-5942-4860-B931-B6E672A94720}"
EndProject
Global
	GlobalSection(SolutionConfigurationPlatforms) = preSolution
		Debug|Any CPU = Debug|Any CPU
		Release|Any CPU = Release|Any CPU
	EndGlobalSection
	GlobalSection(ProjectConfigurationPlatforms) = postSolution
		{3A5A638C-5942-4860-B931-B6E672A94720}.Debug|Any CPU.ActiveCfg = Debug|Any CPU
		{3A5A638C-5942-4860-B931-B6E672A94720}.Debug|Any CPU.Build.0 = Debug|Any CPU
		{3A5A638C-5942-4860-B931-B6E672A94720}.Release|Any CPU.ActiveCfg = Release|Any CPU
		{3A5A638C-5942-4860-B931-B6E672A94720}.Release|Any CPU.Build.0 = Release|Any CPU
	EndGlobalSection
	GlobalSection(SolutionProperties) = preSolution
		HideSolutionNode = FALSE
	EndGlobalSection
	GlobalSection(ExtensibilityGlobals) = postSolution
		SolutionGuid = {47E3A953-A636-4C0B-AE54-B64CD382FB2D}
	EndGlobalSection
EndGlobal
